// !$*UTF8*$!
{
	archiveVersion = 1;
	classes = {
	};
	objectVersion = 50;
	objects = {

/* Begin PBXBuildFile section */
		EDDE7EDE20BD308B0012F3B3 /* AppDelegate.swift in Sources */ = {isa = PBXBuildFile; fileRef = EDDE7EDD20BD308B0012F3B3 /* AppDelegate.swift */; };
		EDDE7EE020BD308B0012F3B3 /* ViewController.swift in Sources */ = {isa = PBXBuildFile; fileRef = EDDE7EDF20BD308B0012F3B3 /* ViewController.swift */; };
		EDDE7EE320BD308B0012F3B3 /* Main.storyboard in Resources */ = {isa = PBXBuildFile; fileRef = EDDE7EE120BD308B0012F3B3 /* Main.storyboard */; };
		EDDE7EE520BD308D0012F3B3 /* Assets.xcassets in Resources */ = {isa = PBXBuildFile; fileRef = EDDE7EE420BD308D0012F3B3 /* Assets.xcassets */; };
		EDDE7EE820BD308D0012F3B3 /* LaunchScreen.storyboard in Resources */ = {isa = PBXBuildFile; fileRef = EDDE7EE620BD308D0012F3B3 /* LaunchScreen.storyboard */; };
		EDDE7EF320BD308D0012F3B3 /* pdftestTests.swift in Sources */ = {isa = PBXBuildFile; fileRef = EDDE7EF220BD308D0012F3B3 /* pdftestTests.swift */; };
		EDDE7EFE20BD308D0012F3B3 /* pdftestUITests.swift in Sources */ = {isa = PBXBuildFile; fileRef = EDDE7EFD20BD308D0012F3B3 /* pdftestUITests.swift */; };
		F77FFE30073E827255BF4BCE /* Pods_pdftest.framework in Frameworks */ = {isa = PBXBuildFile; fileRef = 034147DF0FEFF7FA184D2410 /* Pods_pdftest.framework */; };
/* End PBXBuildFile section */

/* Begin PBXContainerItemProxy section */
		EDDE7EEF20BD308D0012F3B3 /* PBXContainerItemProxy */ = {
			isa = PBXContainerItemProxy;
			containerPortal = EDDE7ED220BD308B0012F3B3 /* Project object */;
			proxyType = 1;
			remoteGlobalIDString = EDDE7ED920BD308B0012F3B3;
			remoteInfo = pdftest;
		};
		EDDE7EFA20BD308D0012F3B3 /* PBXContainerItemProxy */ = {
			isa = PBXContainerItemProxy;
			containerPortal = EDDE7ED220BD308B0012F3B3 /* Project object */;
			proxyType = 1;
			remoteGlobalIDString = EDDE7ED920BD308B0012F3B3;
			remoteInfo = pdftest;
		};
/* End PBXContainerItemProxy section */

/* Begin PBXFileReference section */
		034147DF0FEFF7FA184D2410 /* Pods_pdftest.framework */ = {isa = PBXFileReference; explicitFileType = wrapper.framework; includeInIndex = 0; path = Pods_pdftest.framework; sourceTree = BUILT_PRODUCTS_DIR; };
		707B60A6FA4D293F62C0C385 /* Pods-pdftest.release.xcconfig */ = {isa = PBXFileReference; includeInIndex = 1; lastKnownFileType = text.xcconfig; name = "Pods-pdftest.release.xcconfig"; path = "Pods/Target Support Files/Pods-pdftest/Pods-pdftest.release.xcconfig"; sourceTree = "<group>"; };
		86399734DC2263F67E875577 /* Pods-pdftest.debug.xcconfig */ = {isa = PBXFileReference; includeInIndex = 1; lastKnownFileType = text.xcconfig; name = "Pods-pdftest.debug.xcconfig"; path = "Pods/Target Support Files/Pods-pdftest/Pods-pdftest.debug.xcconfig"; sourceTree = "<group>"; };
		EDDE7EDA20BD308B0012F3B3 /* pdftest.app */ = {isa = PBXFileReference; explicitFileType = wrapper.application; includeInIndex = 0; path = pdftest.app; sourceTree = BUILT_PRODUCTS_DIR; };
		EDDE7EDD20BD308B0012F3B3 /* AppDelegate.swift */ = {isa = PBXFileReference; lastKnownFileType = sourcecode.swift; path = AppDelegate.swift; sourceTree = "<group>"; };
		EDDE7EDF20BD308B0012F3B3 /* ViewController.swift */ = {isa = PBXFileReference; lastKnownFileType = sourcecode.swift; path = ViewController.swift; sourceTree = "<group>"; };
		EDDE7EE220BD308B0012F3B3 /* Base */ = {isa = PBXFileReference; lastKnownFileType = file.storyboard; name = Base; path = Base.lproj/Main.storyboard; sourceTree = "<group>"; };
		EDDE7EE420BD308D0012F3B3 /* Assets.xcassets */ = {isa = PBXFileReference; lastKnownFileType = folder.assetcatalog; path = Assets.xcassets; sourceTree = "<group>"; };
		EDDE7EE720BD308D0012F3B3 /* Base */ = {isa = PBXFileReference; lastKnownFileType = file.storyboard; name = Base; path = Base.lproj/LaunchScreen.storyboard; sourceTree = "<group>"; };
		EDDE7EE920BD308D0012F3B3 /* Info.plist */ = {isa = PBXFileReference; lastKnownFileType = text.plist.xml; path = Info.plist; sourceTree = "<group>"; };
		EDDE7EEE20BD308D0012F3B3 /* pdftestTests.xctest */ = {isa = PBXFileReference; explicitFileType = wrapper.cfbundle; includeInIndex = 0; path = pdftestTests.xctest; sourceTree = BUILT_PRODUCTS_DIR; };
		EDDE7EF220BD308D0012F3B3 /* pdftestTests.swift */ = {isa = PBXFileReference; lastKnownFileType = sourcecode.swift; path = pdftestTests.swift; sourceTree = "<group>"; };
		EDDE7EF420BD308D0012F3B3 /* Info.plist */ = {isa = PBXFileReference; lastKnownFileType = text.plist.xml; path = Info.plist; sourceTree = "<group>"; };
		EDDE7EF920BD308D0012F3B3 /* pdftestUITests.xctest */ = {isa = PBXFileReference; explicitFileType = wrapper.cfbundle; includeInIndex = 0; path = pdftestUITests.xctest; sourceTree = BUILT_PRODUCTS_DIR; };
		EDDE7EFD20BD308D0012F3B3 /* pdftestUITests.swift */ = {isa = PBXFileReference; lastKnownFileType = sourcecode.swift; path = pdftestUITests.swift; sourceTree = "<group>"; };
		EDDE7EFF20BD308D0012F3B3 /* Info.plist */ = {isa = PBXFileReference; lastKnownFileType = text.plist.xml; path = Info.plist; sourceTree = "<group>"; };
/* End PBXFileReference section */

/* Begin PBXFrameworksBuildPhase section */
		EDDE7ED720BD308B0012F3B3 /* Frameworks */ = {
			isa = PBXFrameworksBuildPhase;
			buildActionMask = 2147483647;
			files = (
				F77FFE30073E827255BF4BCE /* Pods_pdftest.framework in Frameworks */,
			);
			runOnlyForDeploymentPostprocessing = 0;
		};
		EDDE7EEB20BD308D0012F3B3 /* Frameworks */ = {
			isa = PBXFrameworksBuildPhase;
			buildActionMask = 2147483647;
			files = (
			);
			runOnlyForDeploymentPostprocessing = 0;
		};
		EDDE7EF620BD308D0012F3B3 /* Frameworks */ = {
			isa = PBXFrameworksBuildPhase;
			buildActionMask = 2147483647;
			files = (
			);
			runOnlyForDeploymentPostprocessing = 0;
		};
/* End PBXFrameworksBuildPhase section */

/* Begin PBXGroup section */
		032D4047388B01D52819FFA1 /* Pods */ = {
			isa = PBXGroup;
			children = (
				86399734DC2263F67E875577 /* Pods-pdftest.debug.xcconfig */,
				707B60A6FA4D293F62C0C385 /* Pods-pdftest.release.xcconfig */,
			);
			name = Pods;
			sourceTree = "<group>";
		};
		B16D34CD37220E6263272C3E /* Frameworks */ = {
			isa = PBXGroup;
			children = (
				034147DF0FEFF7FA184D2410 /* Pods_pdftest.framework */,
			);
			name = Frameworks;
			sourceTree = "<group>";
		};
		EDDE7ED120BD308B0012F3B3 = {
			isa = PBXGroup;
			children = (
				EDDE7EDC20BD308B0012F3B3 /* pdftest */,
				EDDE7EF120BD308D0012F3B3 /* pdftestTests */,
				EDDE7EFC20BD308D0012F3B3 /* pdftestUITests */,
				EDDE7EDB20BD308B0012F3B3 /* Products */,
				032D4047388B01D52819FFA1 /* Pods */,
				B16D34CD37220E6263272C3E /* Frameworks */,
			);
			sourceTree = "<group>";
		};
		EDDE7EDB20BD308B0012F3B3 /* Products */ = {
			isa = PBXGroup;
			children = (
				EDDE7EDA20BD308B0012F3B3 /* pdftest.app */,
				EDDE7EEE20BD308D0012F3B3 /* pdftestTests.xctest */,
				EDDE7EF920BD308D0012F3B3 /* pdftestUITests.xctest */,
			);
			name = Products;
			sourceTree = "<group>";
		};
		EDDE7EDC20BD308B0012F3B3 /* pdftest */ = {
			isa = PBXGroup;
			children = (
				EDDE7EDD20BD308B0012F3B3 /* AppDelegate.swift */,
				EDDE7EDF20BD308B0012F3B3 /* ViewController.swift */,
				EDDE7EE120BD308B0012F3B3 /* Main.storyboard */,
				EDDE7EE420BD308D0012F3B3 /* Assets.xcassets */,
				EDDE7EE620BD308D0012F3B3 /* LaunchScreen.storyboard */,
				EDDE7EE920BD308D0012F3B3 /* Info.plist */,
			);
			path = pdftest;
			sourceTree = "<group>";
		};
		EDDE7EF120BD308D0012F3B3 /* pdftestTests */ = {
			isa = PBXGroup;
			children = (
				EDDE7EF220BD308D0012F3B3 /* pdftestTests.swift */,
				EDDE7EF420BD308D0012F3B3 /* Info.plist */,
			);
			path = pdftestTests;
			sourceTree = "<group>";
		};
		EDDE7EFC20BD308D0012F3B3 /* pdftestUITests */ = {
			isa = PBXGroup;
			children = (
				EDDE7EFD20BD308D0012F3B3 /* pdftestUITests.swift */,
				EDDE7EFF20BD308D0012F3B3 /* Info.plist */,
			);
			path = pdftestUITests;
			sourceTree = "<group>";
		};
/* End PBXGroup section */

/* Begin PBXNativeTarget section */
		EDDE7ED920BD308B0012F3B3 /* pdftest */ = {
			isa = PBXNativeTarget;
			buildConfigurationList = EDDE7F0220BD308D0012F3B3 /* Build configuration list for PBXNativeTarget "pdftest" */;
			buildPhases = (
				88A3EDF8F2338CFD9D564482 /* [CP] Check Pods Manifest.lock */,
				EDDE7ED620BD308B0012F3B3 /* Sources */,
				EDDE7ED720BD308B0012F3B3 /* Frameworks */,
				EDDE7ED820BD308B0012F3B3 /* Resources */,
				7AF4D8E04BA0B56A5338BEE4 /* [CP] Embed Pods Frameworks */,
			);
			buildRules = (
			);
			dependencies = (
			);
			name = pdftest;
			productName = pdftest;
			productReference = EDDE7EDA20BD308B0012F3B3 /* pdftest.app */;
			productType = "com.apple.product-type.application";
		};
		EDDE7EED20BD308D0012F3B3 /* pdftestTests */ = {
			isa = PBXNativeTarget;
			buildConfigurationList = EDDE7F0520BD308D0012F3B3 /* Build configuration list for PBXNativeTarget "pdftestTests" */;
			buildPhases = (
				EDDE7EEA20BD308D0012F3B3 /* Sources */,
				EDDE7EEB20BD308D0012F3B3 /* Frameworks */,
				EDDE7EEC20BD308D0012F3B3 /* Resources */,
			);
			buildRules = (
			);
			dependencies = (
				EDDE7EF020BD308D0012F3B3 /* PBXTargetDependency */,
			);
			name = pdftestTests;
			productName = pdftestTests;
			productReference = EDDE7EEE20BD308D0012F3B3 /* pdftestTests.xctest */;
			productType = "com.apple.product-type.bundle.unit-test";
		};
		EDDE7EF820BD308D0012F3B3 /* pdftestUITests */ = {
			isa = PBXNativeTarget;
			buildConfigurationList = EDDE7F0820BD308D0012F3B3 /* Build configuration list for PBXNativeTarget "pdftestUITests" */;
			buildPhases = (
				EDDE7EF520BD308D0012F3B3 /* Sources */,
				EDDE7EF620BD308D0012F3B3 /* Frameworks */,
				EDDE7EF720BD308D0012F3B3 /* Resources */,
			);
			buildRules = (
			);
			dependencies = (
				EDDE7EFB20BD308D0012F3B3 /* PBXTargetDependency */,
			);
			name = pdftestUITests;
			productName = pdftestUITests;
			productReference = EDDE7EF920BD308D0012F3B3 /* pdftestUITests.xctest */;
			productType = "com.apple.product-type.bundle.ui-testing";
		};
/* End PBXNativeTarget section */

/* Begin PBXProject section */
		EDDE7ED220BD308B0012F3B3 /* Project object */ = {
			isa = PBXProject;
			attributes = {
				LastSwiftUpdateCheck = 0930;
				LastUpgradeCheck = 0930;
				ORGANIZATIONNAME = tangjiarao;
				TargetAttributes = {
					EDDE7ED920BD308B0012F3B3 = {
						CreatedOnToolsVersion = 9.3.1;
					};
					EDDE7EED20BD308D0012F3B3 = {
						CreatedOnToolsVersion = 9.3.1;
						TestTargetID = EDDE7ED920BD308B0012F3B3;
					};
					EDDE7EF820BD308D0012F3B3 = {
						CreatedOnToolsVersion = 9.3.1;
						TestTargetID = EDDE7ED920BD308B0012F3B3;
					};
				};
			};
			buildConfigurationList = EDDE7ED520BD308B0012F3B3 /* Build configuration list for PBXProject "pdftest" */;
			compatibilityVersion = "Xcode 9.3";
			developmentRegion = en;
			hasScannedForEncodings = 0;
			knownRegions = (
				en,
				Base,
			);
			mainGroup = EDDE7ED120BD308B0012F3B3;
			productRefGroup = EDDE7EDB20BD308B0012F3B3 /* Products */;
			projectDirPath = "";
			projectRoot = "";
			targets = (
				EDDE7ED920BD308B0012F3B3 /* pdftest */,
				EDDE7EED20BD308D0012F3B3 /* pdftestTests */,
				EDDE7EF820BD308D0012F3B3 /* pdftestUITests */,
			);
		};
/* End PBXProject section */

/* Begin PBXResourcesBuildPhase section */
		EDDE7ED820BD308B0012F3B3 /* Resources */ = {
			isa = PBXResourcesBuildPhase;
			buildActionMask = 2147483647;
			files = (
				EDDE7EE820BD308D0012F3B3 /* LaunchScreen.storyboard in Resources */,
				EDDE7EE520BD308D0012F3B3 /* Assets.xcassets in Resources */,
				EDDE7EE320BD308B0012F3B3 /* Main.storyboard in Resources */,
			);
			runOnlyForDeploymentPostprocessing = 0;
		};
		EDDE7EEC20BD308D0012F3B3 /* Resources */ = {
			isa = PBXResourcesBuildPhase;
			buildActionMask = 2147483647;
			files = (
			);
			runOnlyForDeploymentPostprocessing = 0;
		};
		EDDE7EF720BD308D0012F3B3 /* Resources */ = {
			isa = PBXResourcesBuildPhase;
			buildActionMask = 2147483647;
			files = (
			);
			runOnlyForDeploymentPostprocessing = 0;
		};
/* End PBXResourcesBuildPhase section */

/* Begin PBXShellScriptBuildPhase section */
		7AF4D8E04BA0B56A5338BEE4 /* [CP] Embed Pods Frameworks */ = {
			isa = PBXShellScriptBuildPhase;
			buildActionMask = 2147483647;
			files = (
			);
			inputPaths = (
				"${SRCROOT}/Pods/Target Support Files/Pods-pdftest/Pods-pdftest-frameworks.sh",
				"${BUILT_PRODUCTS_DIR}/Alamofire/Alamofire.framework",
			);
			name = "[CP] Embed Pods Frameworks";
			outputPaths = (
				"${TARGET_BUILD_DIR}/${FRAMEWORKS_FOLDER_PATH}/Alamofire.framework",
			);
			runOnlyForDeploymentPostprocessing = 0;
			shellPath = /bin/sh;
			shellScript = "\"${SRCROOT}/Pods/Target Support Files/Pods-pdftest/Pods-pdftest-frameworks.sh\"\n";
			showEnvVarsInLog = 0;
		};
		88A3EDF8F2338CFD9D564482 /* [CP] Check Pods Manifest.lock */ = {
			isa = PBXShellScriptBuildPhase;
			buildActionMask = 2147483647;
			files = (
			);
			inputPaths = (
				"${PODS_PODFILE_DIR_PATH}/Podfile.lock",
				"${PODS_ROOT}/Manifest.lock",
			);
			name = "[CP] Check Pods Manifest.lock";
			outputPaths = (
				"$(DERIVED_FILE_DIR)/Pods-pdftest-checkManifestLockResult.txt",
			);
			runOnlyForDeploymentPostprocessing = 0;
			shellPath = /bin/sh;
			shellScript = "diff \"${PODS_PODFILE_DIR_PATH}/Podfile.lock\" \"${PODS_ROOT}/Manifest.lock\" > /dev/null\nif [ $? != 0 ] ; then\n    # print error to STDERR\n    echo \"error: The sandbox is not in sync with the Podfile.lock. Run 'pod install' or update your CocoaPods installation.\" >&2\n    exit 1\nfi\n# This output is used by Xcode 'outputs' to avoid re-running this script phase.\necho \"SUCCESS\" > \"${SCRIPT_OUTPUT_FILE_0}\"\n";
			showEnvVarsInLog = 0;
		};
/* End PBXShellScriptBuildPhase section */

/* Begin PBXSourcesBuildPhase section */
		EDDE7ED620BD308B0012F3B3 /* Sources */ = {
			isa = PBXSourcesBuildPhase;
			buildActionMask = 2147483647;
			files = (
				EDDE7EE020BD308B0012F3B3 /* ViewController.swift in Sources */,
				EDDE7EDE20BD308B0012F3B3 /* AppDelegate.swift in Sources */,
			);
			runOnlyForDeploymentPostprocessing = 0;
		};
		EDDE7EEA20BD308D0012F3B3 /* Sources */ = {
			isa = PBXSourcesBuildPhase;
			buildActionMask = 2147483647;
			files = (
				EDDE7EF320BD308D0012F3B3 /* pdftestTests.swift in Sources */,
			);
			runOnlyForDeploymentPostprocessing = 0;
		};
		EDDE7EF520BD308D0012F3B3 /* Sources */ = {
			isa = PBXSourcesBuildPhase;
			buildActionMask = 2147483647;
			files = (
				EDDE7EFE20BD308D0012F3B3 /* pdftestUITests.swift in Sources */,
			);
			runOnlyForDeploymentPostprocessing = 0;
		};
/* End PBXSourcesBuildPhase section */

/* Begin PBXTargetDependency section */
		EDDE7EF020BD308D0012F3B3 /* PBXTargetDependency */ = {
			isa = PBXTargetDependency;
			target = EDDE7ED920BD308B0012F3B3 /* pdftest */;
			targetProxy = EDDE7EEF20BD308D0012F3B3 /* PBXContainerItemProxy */;
		};
		EDDE7EFB20BD308D0012F3B3 /* PBXTargetDependency */ = {
			isa = PBXTargetDependency;
			target = EDDE7ED920BD308B0012F3B3 /* pdftest */;
			targetProxy = EDDE7EFA20BD308D0012F3B3 /* PBXContainerItemProxy */;
		};
/* End PBXTargetDependency section */

/* Begin PBXVariantGroup section */
		EDDE7EE120BD308B0012F3B3 /* Main.storyboard */ = {
			isa = PBXVariantGroup;
			children = (
				EDDE7EE220BD308B0012F3B3 /* Base */,
			);
			name = Main.storyboard;
			sourceTree = "<group>";
		};
		EDDE7EE620BD308D0012F3B3 /* LaunchScreen.storyboard */ = {
			isa = PBXVariantGroup;
			children = (
				EDDE7EE720BD308D0012F3B3 /* Base */,
			);
			name = LaunchScreen.storyboard;
			sourceTree = "<group>";
		};
/* End PBXVariantGroup section */

/* Begin XCBuildConfiguration section */
		EDDE7F0020BD308D0012F3B3 /* Debug */ = {
			isa = XCBuildConfiguration;
			buildSettings = {
				ALWAYS_SEARCH_USER_PATHS = NO;
				CLANG_ANALYZER_NONNULL = YES;
				CLANG_ANALYZER_NUMBER_OBJECT_CONVERSION = YES_AGGRESSIVE;
				CLANG_CXX_LANGUAGE_STANDARD = "gnu++14";
				CLANG_CXX_LIBRARY = "libc++";
				CLANG_ENABLE_MODULES = YES;
				CLANG_ENABLE_OBJC_ARC = YES;
				CLANG_ENABLE_OBJC_WEAK = YES;
				CLANG_WARN_BLOCK_CAPTURE_AUTORELEASING = YES;
				CLANG_WARN_BOOL_CONVERSION = YES;
				CLANG_WARN_COMMA = YES;
				CLANG_WARN_CONSTANT_CONVERSION = YES;
				CLANG_WARN_DEPRECATED_OBJC_IMPLEMENTATIONS = YES;
				CLANG_WARN_DIRECT_OBJC_ISA_USAGE = YES_ERROR;
				CLANG_WARN_DOCUMENTATION_COMMENTS = YES;
				CLANG_WARN_EMPTY_BODY = YES;
				CLANG_WARN_ENUM_CONVERSION = YES;
				CLANG_WARN_INFINITE_RECURSION = YES;
				CLANG_WARN_INT_CONVERSION = YES;
				CLANG_WARN_NON_LITERAL_NULL_CONVERSION = YES;
				CLANG_WARN_OBJC_IMPLICIT_RETAIN_SELF = YES;
				CLANG_WARN_OBJC_LITERAL_CONVERSION = YES;
				CLANG_WARN_OBJC_ROOT_CLASS = YES_ERROR;
				CLANG_WARN_RANGE_LOOP_ANALYSIS = YES;
				CLANG_WARN_STRICT_PROTOTYPES = YES;
				CLANG_WARN_SUSPICIOUS_MOVE = YES;
				CLANG_WARN_UNGUARDED_AVAILABILITY = YES_AGGRESSIVE;
				CLANG_WARN_UNREACHABLE_CODE = YES;
				CLANG_WARN__DUPLICATE_METHOD_MATCH = YES;
				CODE_SIGN_IDENTITY = "iPhone Developer";
				COPY_PHASE_STRIP = NO;
				DEBUG_INFORMATION_FORMAT = dwarf;
				ENABLE_STRICT_OBJC_MSGSEND = YES;
				ENABLE_TESTABILITY = YES;
				GCC_C_LANGUAGE_STANDARD = gnu11;
				GCC_DYNAMIC_NO_PIC = NO;
				GCC_NO_COMMON_BLOCKS = YES;
				GCC_OPTIMIZATION_LEVEL = 0;
				GCC_PREPROCESSOR_DEFINITIONS = (
					"DEBUG=1",
					"$(inherited)",
				);
				GCC_WARN_64_TO_32_BIT_CONVERSION = YES;
				GCC_WARN_ABOUT_RETURN_TYPE = YES_ERROR;
				GCC_WARN_UNDECLARED_SELECTOR = YES;
				GCC_WARN_UNINITIALIZED_AUTOS = YES_AGGRESSIVE;
				GCC_WARN_UNUSED_FUNCTION = YES;
				GCC_WARN_UNUSED_VARIABLE = YES;
				IPHONEOS_DEPLOYMENT_TARGET = 11.3;
				MTL_ENABLE_DEBUG_INFO = YES;
				ONLY_ACTIVE_ARCH = YES;
				SDKROOT = iphoneos;
				SWIFT_ACTIVE_COMPILATION_CONDITIONS = DEBUG;
				SWIFT_OPTIMIZATION_LEVEL = "-Onone";
			};
			name = Debug;
		};
		EDDE7F0120BD308D0012F3B3 /* Release */ = {
			isa = XCBuildConfiguration;
			buildSettings = {
				ALWAYS_SEARCH_USER_PATHS = NO;
				CLANG_ANALYZER_NONNULL = YES;
				CLANG_ANALYZER_NUMBER_OBJECT_CONVERSION = YES_AGGRESSIVE;
				CLANG_CXX_LANGUAGE_STANDARD = "gnu++14";
				CLANG_CXX_LIBRARY = "libc++";
				CLANG_ENABLE_MODULES = YES;
				CLANG_ENABLE_OBJC_ARC = YES;
				CLANG_ENABLE_OBJC_WEAK = YES;
				CLANG_WARN_BLOCK_CAPTURE_AUTORELEASING = YES;
				CLANG_WARN_BOOL_CONVERSION = YES;
				CLANG_WARN_COMMA = YES;
				CLANG_WARN_CONSTANT_CONVERSION = YES;
				CLANG_WARN_DEPRECATED_OBJC_IMPLEMENTATIONS = YES;
				CLANG_WARN_DIRECT_OBJC_ISA_USAGE = YES_ERROR;
				CLANG_WARN_DOCUMENTATION_COMMENTS = YES;
				CLANG_WARN_EMPTY_BODY = YES;
				CLANG_WARN_ENUM_CONVERSION = YES;
				CLANG_WARN_INFINITE_RECURSION = YES;
				CLANG_WARN_INT_CONVERSION = YES;
				CLANG_WARN_NON_LITERAL_NULL_CONVERSION = YES;
				CLANG_WARN_OBJC_IMPLICIT_RETAIN_SELF = YES;
				CLANG_WARN_OBJC_LITERAL_CONVERSION = YES;
				CLANG_WARN_OBJC_ROOT_CLASS = YES_ERROR;
				CLANG_WARN_RANGE_LOOP_ANALYSIS = YES;
				CLANG_WARN_STRICT_PROTOTYPES = YES;
				CLANG_WARN_SUSPICIOUS_MOVE = YES;
				CLANG_WARN_UNGUARDED_AVAILABILITY = YES_AGGRESSIVE;
				CLANG_WARN_UNREACHABLE_CODE = YES;
				CLANG_WARN__DUPLICATE_METHOD_MATCH = YES;
				CODE_SIGN_IDENTITY = "iPhone Developer";
				COPY_PHASE_STRIP = NO;
				DEBUG_INFORMATION_FORMAT = "dwarf-with-dsym";
				ENABLE_NS_ASSERTIONS = NO;
				ENABLE_STRICT_OBJC_MSGSEND = YES;
				GCC_C_LANGUAGE_STANDARD = gnu11;
				GCC_NO_COMMON_BLOCKS = YES;
				GCC_WARN_64_TO_32_BIT_CONVERSION = YES;
				GCC_WARN_ABOUT_RETURN_TYPE = YES_ERROR;
				GCC_WARN_UNDECLARED_SELECTOR = YES;
				GCC_WARN_UNINITIALIZED_AUTOS = YES_AGGRESSIVE;
				GCC_WARN_UNUSED_FUNCTION = YES;
				GCC_WARN_UNUSED_VARIABLE = YES;
				IPHONEOS_DEPLOYMENT_TARGET = 11.3;
				MTL_ENABLE_DEBUG_INFO = NO;
				SDKROOT = iphoneos;
				SWIFT_COMPILATION_MODE = wholemodule;
				SWIFT_OPTIMIZATION_LEVEL = "-O";
				VALIDATE_PRODUCT = YES;
			};
			name = Release;
		};
		EDDE7F0320BD308D0012F3B3 /* Debug */ = {
			isa = XCBuildConfiguration;
			baseConfigurationReference = 86399734DC2263F67E875577 /* Pods-pdftest.debug.xcconfig */;
			buildSettings = {
				ASSETCATALOG_COMPILER_APPICON_NAME = AppIcon;
				CODE_SIGN_STYLE = Automatic;
				INFOPLIST_FILE = pdftest/Info.plist;
				LD_RUNPATH_SEARCH_PATHS = (
					"$(inherited)",
					"@executable_path/Frameworks",
				);
				PRODUCT_BUNDLE_IDENTIFIER = net.hnjk.pdftest;
				PRODUCT_NAME = "$(TARGET_NAME)";
				SWIFT_VERSION = 4.0;
				TARGETED_DEVICE_FAMILY = "1,2";
			};
			name = Debug;
		};
		EDDE7F0420BD308D0012F3B3 /* Release */ = {
			isa = XCBuildConfiguration;
			baseConfigurationReference = 707B60A6FA4D293F62C0C385 /* Pods-pdftest.release.xcconfig */;
			buildSettings = {
				ASSETCATALOG_COMPILER_APPICON_NAME = AppIcon;
				CODE_SIGN_STYLE = Automatic;
				INFOPLIST_FILE = pdftest/Info.plist;
				LD_RUNPATH_SEARCH_PATHS = (
					"$(inherited)",
					"@executable_path/Frameworks",
				);
				PRODUCT_BUNDLE_IDENTIFIER = net.hnjk.pdftest;
				PRODUCT_NAME = "$(TARGET_NAME)";
				SWIFT_VERSION = 4.0;
				TARGETED_DEVICE_FAMILY = "1,2";
			};
			name = Release;
		};
		EDDE7F0620BD308D0012F3B3 /* Debug */ = {
			isa = XCBuildConfiguration;
			buildSettings = {
				ALWAYS_EMBED_SWIFT_STANDARD_LIBRARIES = YES;
				BUNDLE_LOADER = "$(TEST_HOST)";
				CODE_SIGN_STYLE = Automatic;
				INFOPLIST_FILE = pdftestTests/Info.plist;
				LD_RUNPATH_SEARCH_PATHS = (
					"$(inherited)",
					"@executable_path/Frameworks",
					"@loader_path/Frameworks",
				);
				PRODUCT_BUNDLE_IDENTIFIER = net.hnjk.pdftestTests;
				PRODUCT_NAME = "$(TARGET_NAME)";
				SWIFT_VERSION = 4.0;
				TARGETED_DEVICE_FAMILY = "1,2";
				TEST_HOST = "$(BUILT_PRODUCTS_DIR)/pdftest.app/pdftest";
			};
			name = Debug;
		};
		EDDE7F0720BD308D0012F3B3 /* Release */ = {
			isa = XCBuildConfiguration;
			buildSettings = {
				ALWAYS_EMBED_SWIFT_STANDARD_LIBRARIES = YES;
				BUNDLE_LOADER = "$(TEST_HOST)";
				CODE_SIGN_STYLE = Automatic;
				INFOPLIST_FILE = pdftestTests/Info.plist;
				LD_RUNPATH_SEARCH_PATHS = (
					"$(inherited)",
					"@executable_path/Frameworks",
					"@loader_path/Frameworks",
				);
				PRODUCT_BUNDLE_IDENTIFIER = net.hnjk.pdftestTests;
				PRODUCT_NAME = "$(TARGET_NAME)";
				SWIFT_VERSION = 4.0;
				TARGETED_DEVICE_FAMILY = "1,2";
				TEST_HOST = "$(BUILT_PRODUCTS_DIR)/pdftest.app/pdftest";
			};
			name = Release;
		};
		EDDE7F0920BD308D0012F3B3 /* Debug */ = {
			isa = XCBuildConfiguration;
			buildSettings = {
				ALWAYS_EMBED_SWIFT_STANDARD_LIBRARIES = YES;
				CODE_SIGN_STYLE = Automatic;
				INFOPLIST_FILE = pdftestUITests/Info.plist;
				LD_RUNPATH_SEARCH_PATHS = (
					"$(inherited)",
					"@executable_path/Frameworks",
					"@loader_path/Frameworks",
				);
				PRODUCT_BUNDLE_IDENTIFIER = net.hnjk.pdftestUITests;
				PRODUCT_NAME = "$(TARGET_NAME)";
				SWIFT_VERSION = 4.0;
				TARGETED_DEVICE_FAMILY = "1,2";
				TEST_TARGET_NAME = pdftest;
			};
			name = Debug;
		};
		EDDE7F0A20BD308D0012F3B3 /* Release */ = {
			isa = XCBuildConfiguration;
			buildSettings = {
				ALWAYS_EMBED_SWIFT_STANDARD_LIBRARIES = YES;
				CODE_SIGN_STYLE = Automatic;
				INFOPLIST_FILE = pdftestUITests/Info.plist;
				LD_RUNPATH_SEARCH_PATHS = (
					"$(inherited)",
					"@executable_path/Frameworks",
					"@loader_path/Frameworks",
				);
				PRODUCT_BUNDLE_IDENTIFIER = net.hnjk.pdftestUITests;
				PRODUCT_NAME = "$(TARGET_NAME)";
				SWIFT_VERSION = 4.0;
				TARGETED_DEVICE_FAMILY = "1,2";
				TEST_TARGET_NAME = pdftest;
			};
			name = Release;
		};
/* End XCBuildConfiguration section */

/* Begin XCConfigurationList section */
		EDDE7ED520BD308B0012F3B3 /* Build configuration list for PBXProject "pdftest" */ = {
			isa = XCConfigurationList;
			buildConfigurations = (
				EDDE7F0020BD308D0012F3B3 /* Debug */,
				EDDE7F0120BD308D0012F3B3 /* Release */,
			);
			defaultConfigurationIsVisible = 0;
			defaultConfigurationName = Release;
		};
		EDDE7F0220BD308D0012F3B3 /* Build configuration list for PBXNativeTarget "pdftest" */ = {
			isa = XCConfigurationList;
			buildConfigurations = (
				EDDE7F0320BD308D0012F3B3 /* Debug */,
				EDDE7F0420BD308D0012F3B3 /* Release */,
			);
			defaultConfigurationIsVisible = 0;
			defaultConfigurationName = Release;
		};
		EDDE7F0520BD308D0012F3B3 /* Build configuration list for PBXNativeTarget "pdftestTests" */ = {
			isa = XCConfigurationList;
			buildConfigurations = (
				EDDE7F0620BD308D0012F3B3 /* Debug */,
				EDDE7F0720BD308D0012F3B3 /* Release */,
			);
			defaultConfigurationIsVisible = 0;
			defaultConfigurationName = Release;
		};
		EDDE7F0820BD308D0012F3B3 /* Build configuration list for PBXNativeTarget "pdftestUITests" */ = {
			isa = XCConfigurationList;
			buildConfigurations = (
				EDDE7F0920BD308D0012F3B3 /* Debug */,
				EDDE7F0A20BD308D0012F3B3 /* Release */,
			);
			defaultConfigurationIsVisible = 0;
			defaultConfigurationName = Release;
		};
/* End XCConfigurationList section */
	};
	rootObject = EDDE7ED220BD308B0012F3B3 /* Project object */;
}
